
Microsoft Visual Studio Solution File, Format Version 12.00
# Visual Studio Version 17
VisualStudioVersion = 17.13.35825.156 d17.13
MinimumVisualStudioVersion = 10.0.40219.1
Project("{FAE04EC0-301F-11D3-BF4B-00C04F79EFBC}") = "WindowsFormsApp4", "WindowsFormsApp4\WindowsFormsApp4.csproj", "{1393A67B-0D96-4F92-A6AE-1767E97636CF}"
EndProject
Global
	GlobalSection(SolutionConfigurationPlatforms) = preSolution
		Debug|Any CPU = Debug|Any CPU
		Release|Any CPU = Release|Any CPU
	EndGlobalSection
	GlobalSection(ProjectConfigurationPlatforms) = postSolution
		{1393A67B-0D96-4F92-A6AE-1767E97636CF}.Debug|Any CPU.ActiveCfg = Debug|Any CPU
		{1393A67B-0D96-4F92-A6AE-1767E97636CF}.Debug|Any CPU.Build.0 = Debug|Any CPU
		{1393A67B-0D96-4F92-A6AE-1767E97636CF}.Release|Any CPU.ActiveCfg = Release|Any CPU
		{1393A67B-0D96-4F92-A6AE-1767E97636CF}.Release|Any CPU.Build.0 = Release|Any CPU
	EndGlobalSection
	GlobalSection(SolutionProperties) = preSolution
		HideSolutionNode = FALSE
	EndGlobalSection
	GlobalSection(ExtensibilityGlobals) = postSolution
		SolutionGuid = {B1C49A9E-E4CB-4529-9982-9D36DB8BAFE4}
	EndGlobalSection
EndGlobal
